
Microsoft Visual Studio Solution File, Format Version 12.00
# Visual Studio Version 17
VisualStudioVersion = 17.5.002.0
MinimumVisualStudioVersion = 10.0.40219.1
Project("{9A19103F-16F7-4668-BE54-9A1E7A4F7556}") = "MicroserviceWithCircuitBreaker", "MicroserviceWithCircuitBreaker\MicroserviceWithCircuitBreaker.csproj", "{C109CEE7-0836-4B3D-889F-E27278DC6261}"
EndProject
Global
	GlobalSection(SolutionConfigurationPlatforms) = preSolution
		Debug|Any CPU = Debug|Any CPU
		Release|Any CPU = Release|Any CPU
	EndGlobalSection
	GlobalSection(ProjectConfigurationPlatforms) = postSolution
		{C109CEE7-0836-4B3D-889F-E27278DC6261}.Debug|Any CPU.ActiveCfg = Debug|Any CPU
		{C109CEE7-0836-4B3D-889F-E27278DC6261}.Debug|Any CPU.Build.0 = Debug|Any CPU
		{C109CEE7-0836-4B3D-889F-E27278DC6261}.Release|Any CPU.ActiveCfg = Release|Any CPU
		{C109CEE7-0836-4B3D-889F-E27278DC6261}.Release|Any CPU.Build.0 = Release|Any CPU
	EndGlobalSection
	GlobalSection(SolutionProperties) = preSolution
		HideSolutionNode = FALSE
	EndGlobalSection
	GlobalSection(ExtensibilityGlobals) = postSolution
		SolutionGuid = {0662C278-90A7-4D7B-8A6D-E3312DA6807E}
	EndGlobalSection
EndGlobal
